// !$*UTF8*$!
{
	archiveVersion = 1;
	classes = {
	};
	objectVersion = 77;
	objects = {

/* Begin PBXContainerItemProxy section */
		564E8BFE2CBE5789002D9996 /* PBXContainerItemProxy */ = {
			isa = PBXContainerItemProxy;
			containerPortal = 564E8BDF2CBE5787002D9996 /* Project object */;
			proxyType = 1;
			remoteGlobalIDString = 564E8BE62CBE5787002D9996;
			remoteInfo = "I AM BOB";
		};
		564E8C082CBE5789002D9996 /* PBXContainerItemProxy */ = {
			isa = PBXContainerItemProxy;
			containerPortal = 564E8BDF2CBE5787002D9996 /* Project object */;
			proxyType = 1;
			remoteGlobalIDString = 564E8BE62CBE5787002D9996;
			remoteInfo = "I AM BOB";
		};
/* End PBXContainerItemProxy section */

/* Begin PBXFileReference section */
		564E8BE72CBE5787002D9996 /* I AM BOB.app */ = {isa = PBXFileReference; explicitFileType = wrapper.application; includeInIndex = 0; path = "I AM BOB.app"; sourceTree = BUILT_PRODUCTS_DIR; };
		564E8BFD2CBE5789002D9996 /* I AM BOBTests.xctest */ = {isa = PBXFileReference; explicitFileType = wrapper.cfbundle; includeInIndex = 0; path = "I AM BOBTests.xctest"; sourceTree = BUILT_PRODUCTS_DIR; };
		564E8C072CBE5789002D9996 /* I AM BOBUITests.xctest */ = {isa = PBXFileReference; explicitFileType = wrapper.cfbundle; includeInIndex = 0; path = "I AM BOBUITests.xctest"; sourceTree = BUILT_PRODUCTS_DIR; };
/* End PBXFileReference section */

/* Begin PBXFileSystemSynchronizedBuildFileExceptionSet section */
		564E8C0F2CBE5789002D9996 /* Exceptions for "I AM BOB" folder in "I AM BOB" target */ = {
			isa = PBXFileSystemSynchronizedBuildFileExceptionSet;
			membershipExceptions = (
				Info.plist,
			);
			target = 564E8BE62CBE5787002D9996 /* I AM BOB */;
		};
/* End PBXFileSystemSynchronizedBuildFileExceptionSet section */

/* Begin PBXFileSystemSynchronizedRootGroup section */
		564E8BE92CBE5787002D9996 /* I AM BOB */ = {
			isa = PBXFileSystemSynchronizedRootGroup;
			exceptions = (
				564E8C0F2CBE5789002D9996 /* Exceptions for "I AM BOB" folder in "I AM BOB" target */,
			);
			path = "I AM BOB";
			sourceTree = "<group>";
		};
		564E8C002CBE5789002D9996 /* I AM BOBTests */ = {
			isa = PBXFileSystemSynchronizedRootGroup;
			path = "I AM BOBTests";
			sourceTree = "<group>";
		};
		564E8C0A2CBE5789002D9996 /* I AM BOBUITests */ = {
			isa = PBXFileSystemSynchronizedRootGroup;
			path = "I AM BOBUITests";
			sourceTree = "<group>";
		};
/* End PBXFileSystemSynchronizedRootGroup section */

/* Begin PBXFrameworksBuildPhase section */
		564E8BE42CBE5787002D9996 /* Frameworks */ = {
			isa = PBXFrameworksBuildPhase;
			buildActionMask = 2147483647;
			files = (
			);
			runOnlyForDeploymentPostprocessing = 0;
		};
		564E8BFA2CBE5789002D9996 /* Frameworks */ = {
			isa = PBXFrameworksBuildPhase;
			buildActionMask = 2147483647;
			files = (
			);
			runOnlyForDeploymentPostprocessing = 0;
		};
		564E8C042CBE5789002D9996 /* Frameworks */ = {
			isa = PBXFrameworksBuildPhase;
			buildActionMask = 2147483647;
			files = (
			);
			runOnlyForDeploymentPostprocessing = 0;
		};
/* End PBXFrameworksBuildPhase section */

/* Begin PBXGroup section */
		564E8BDE2CBE5787002D9996 = {
			isa = PBXGroup;
			children = (
				564E8BE92CBE5787002D9996 /* I AM BOB */,
				564E8C002CBE5789002D9996 /* I AM BOBTests */,
				564E8C0A2CBE5789002D9996 /* I AM BOBUITests */,
				564E8BE82CBE5787002D9996 /* Products */,
			);
			sourceTree = "<group>";
		};
		564E8BE82CBE5787002D9996 /* Products */ = {
			isa = PBXGroup;
			children = (
				564E8BE72CBE5787002D9996 /* I AM BOB.app */,
				564E8BFD2CBE5789002D9996 /* I AM BOBTests.xctest */,
				564E8C072CBE5789002D9996 /* I AM BOBUITests.xctest */,
			);
			name = Products;
			sourceTree = "<group>";
		};
/* End PBXGroup section */

/* Begin PBXNativeTarget section */
		564E8BE62CBE5787002D9996 /* I AM BOB */ = {
			isa = PBXNativeTarget;
			buildConfigurationList = 564E8C102CBE5789002D9996 /* Build configuration list for PBXNativeTarget "I AM BOB" */;
			buildPhases = (
				564E8BE32CBE5787002D9996 /* Sources */,
				564E8BE42CBE5787002D9996 /* Frameworks */,
				564E8BE52CBE5787002D9996 /* Resources */,
			);
			buildRules = (
			);
			dependencies = (
			);
			fileSystemSynchronizedGroups = (
				564E8BE92CBE5787002D9996 /* I AM BOB */,
			);
			name = "I AM BOB";
			packageProductDependencies = (
			);
			productName = "I AM BOB";
			productReference = 564E8BE72CBE5787002D9996 /* I AM BOB.app */;
			productType = "com.apple.product-type.application";
		};
		564E8BFC2CBE5789002D9996 /* I AM BOBTests */ = {
			isa = PBXNativeTarget;
			buildConfigurationList = 564E8C152CBE5789002D9996 /* Build configuration list for PBXNativeTarget "I AM BOBTests" */;
			buildPhases = (
				564E8BF92CBE5789002D9996 /* Sources */,
				564E8BFA2CBE5789002D9996 /* Frameworks */,
				564E8BFB2CBE5789002D9996 /* Resources */,
			);
			buildRules = (
			);
			dependencies = (
				564E8BFF2CBE5789002D9996 /* PBXTargetDependency */,
			);
			fileSystemSynchronizedGroups = (
				564E8C002CBE5789002D9996 /* I AM BOBTests */,
			);
			name = "I AM BOBTests";
			packageProductDependencies = (
			);
			productName = "I AM BOBTests";
			productReference = 564E8BFD2CBE5789002D9996 /* I AM BOBTests.xctest */;
			productType = "com.apple.product-type.bundle.unit-test";
		};
		564E8C062CBE5789002D9996 /* I AM BOBUITests */ = {
			isa = PBXNativeTarget;
			buildConfigurationList = 564E8C182CBE5789002D9996 /* Build configuration list for PBXNativeTarget "I AM BOBUITests" */;
			buildPhases = (
				564E8C032CBE5789002D9996 /* Sources */,
				564E8C042CBE5789002D9996 /* Frameworks */,
				564E8C052CBE5789002D9996 /* Resources */,
			);
			buildRules = (
			);
			dependencies = (
				564E8C092CBE5789002D9996 /* PBXTargetDependency */,
			);
			fileSystemSynchronizedGroups = (
				564E8C0A2CBE5789002D9996 /* I AM BOBUITests */,
			);
			name = "I AM BOBUITests";
			packageProductDependencies = (
			);
			productName = "I AM BOBUITests";
			productReference = 564E8C072CBE5789002D9996 /* I AM BOBUITests.xctest */;
			productType = "com.apple.product-type.bundle.ui-testing";
		};
/* End PBXNativeTarget section */

/* Begin PBXProject section */
		564E8BDF2CBE5787002D9996 /* Project object */ = {
			isa = PBXProject;
			attributes = {
				BuildIndependentTargetsInParallel = 1;
				LastSwiftUpdateCheck = 1600;
				LastUpgradeCheck = 1600;
				TargetAttributes = {
					564E8BE62CBE5787002D9996 = {
						CreatedOnToolsVersion = 16.0;
					};
					564E8BFC2CBE5789002D9996 = {
						CreatedOnToolsVersion = 16.0;
						TestTargetID = 564E8BE62CBE5787002D9996;
					};
					564E8C062CBE5789002D9996 = {
						CreatedOnToolsVersion = 16.0;
						TestTargetID = 564E8BE62CBE5787002D9996;
					};
				};
			};
			buildConfigurationList = 564E8BE22CBE5787002D9996 /* Build configuration list for PBXProject "I AM BOB" */;
			developmentRegion = en;
			hasScannedForEncodings = 0;
			knownRegions = (
				en,
				Base,
			);
			mainGroup = 564E8BDE2CBE5787002D9996;
			minimizedProjectReferenceProxies = 1;
			preferredProjectObjectVersion = 77;
			productRefGroup = 564E8BE82CBE5787002D9996 /* Products */;
			projectDirPath = "";
			projectRoot = "";
			targets = (
				564E8BE62CBE5787002D9996 /* I AM BOB */,
				564E8BFC2CBE5789002D9996 /* I AM BOBTests */,
				564E8C062CBE5789002D9996 /* I AM BOBUITests */,
			);
		};
/* End PBXProject section */

/* Begin PBXResourcesBuildPhase section */
		564E8BE52CBE5787002D9996 /* Resources */ = {
			isa = PBXResourcesBuildPhase;
			buildActionMask = 2147483647;
			files = (
			);
			runOnlyForDeploymentPostprocessing = 0;
		};
		564E8BFB2CBE5789002D9996 /* Resources */ = {
			isa = PBXResourcesBuildPhase;
			buildActionMask = 2147483647;
			files = (
			);
			runOnlyForDeploymentPostprocessing = 0;
		};
		564E8C052CBE5789002D9996 /* Resources */ = {
			isa = PBXResourcesBuildPhase;
			buildActionMask = 2147483647;
			files = (
			);
			runOnlyForDeploymentPostprocessing = 0;
		};
/* End PBXResourcesBuildPhase section */

/* Begin PBXSourcesBuildPhase section */
		564E8BE32CBE5787002D9996 /* Sources */ = {
			isa = PBXSourcesBuildPhase;
			buildActionMask = 2147483647;
			files = (
			);
			runOnlyForDeploymentPostprocessing = 0;
		};
		564E8BF92CBE5789002D9996 /* Sources */ = {
			isa = PBXSourcesBuildPhase;
			buildActionMask = 2147483647;
			files = (
			);
			runOnlyForDeploymentPostprocessing = 0;
		};
		564E8C032CBE5789002D9996 /* Sources */ = {
			isa = PBXSourcesBuildPhase;
			buildActionMask = 2147483647;
			files = (
			);
			runOnlyForDeploymentPostprocessing = 0;
		};
/* End PBXSourcesBuildPhase section */

/* Begin PBXTargetDependency section */
		564E8BFF2CBE5789002D9996 /* PBXTargetDependency */ = {
			isa = PBXTargetDependency;
			target = 564E8BE62CBE5787002D9996 /* I AM BOB */;
			targetProxy = 564E8BFE2CBE5789002D9996 /* PBXContainerItemProxy */;
		};
		564E8C092CBE5789002D9996 /* PBXTargetDependency */ = {
			isa = PBXTargetDependency;
			target = 564E8BE62CBE5787002D9996 /* I AM BOB */;
			targetProxy = 564E8C082CBE5789002D9996 /* PBXContainerItemProxy */;
		};
/* End PBXTargetDependency section */

/* Begin XCBuildConfiguration section */
		564E8C112CBE5789002D9996 /* Debug */ = {
			isa = XCBuildConfiguration;
			buildSettings = {
				ASSETCATALOG_COMPILER_APPICON_NAME = AppIcon;
				ASSETCATALOG_COMPILER_GLOBAL_ACCENT_COLOR_NAME = AccentColor;
				CODE_SIGN_STYLE = Automatic;
				CURRENT_PROJECT_VERSION = 1;
				GENERATE_INFOPLIST_FILE = YES;
				INFOPLIST_FILE = "I AM BOB/Info.plist";
				INFOPLIST_KEY_UIApplicationSupportsIndirectInputEvents = YES;
				INFOPLIST_KEY_UILaunchStoryboardName = LaunchScreen;
				INFOPLIST_KEY_UIMainStoryboardFile = Main;
				INFOPLIST_KEY_UIStatusBarHidden = YES;
				INFOPLIST_KEY_UIStatusBarStyle = "";
				INFOPLIST_KEY_UISupportedInterfaceOrientations_iPad = "UIInterfaceOrientationPortrait UIInterfaceOrientationPortraitUpsideDown UIInterfaceOrientationLandscapeLeft UIInterfaceOrientationLandscapeRight";
				INFOPLIST_KEY_UISupportedInterfaceOrientations_iPhone = "UIInterfaceOrientationPortrait UIInterfaceOrientationLandscapeLeft UIInterfaceOrientationLandscapeRight";
				IPHONEOS_DEPLOYMENT_TARGET = 15.6;
				LD_RUNPATH_SEARCH_PATHS = (
					"$(inherited)",
					"@executable_path/Frameworks",
				);
				MARKETING_VERSION = 1.0;
				PRODUCT_BUNDLE_IDENTIFIER = "com.iambobbelikebob.I-AM-BOB";
				PRODUCT_NAME = "$(TARGET_NAME)";
				SWIFT_EMIT_LOC_STRINGS = YES;
				SWIFT_VERSION = 5.0;
				TARGETED_DEVICE_FAMILY = "1,2";
			};
			name = Debug;
		};
		564E8C122CBE5789002D9996 /* Release */ = {
			isa = XCBuildConfiguration;
			buildSettings = {
				ASSETCATALOG_COMPILER_APPICON_NAME = AppIcon;
				ASSETCATALOG_COMPILER_GLOBAL_ACCENT_COLOR_NAME = AccentColor;
				CODE_SIGN_STYLE = Automatic;
				CURRENT_PROJECT_VERSION = 1;
				GENERATE_INFOPLIST_FILE = YES;
				INFOPLIST_FILE = "I AM BOB/Info.plist";
				INFOPLIST_KEY_UIApplicationSupportsIndirectInputEvents = YES;
				INFOPLIST_KEY_UILaunchStoryboardName = LaunchScreen;
				INFOPLIST_KEY_UIMainStoryboardFile = Main;
				INFOPLIST_KEY_UIStatusBarHidden = YES;
				INFOPLIST_KEY_UIStatusBarStyle = "";
				INFOPLIST_KEY_UISupportedInterfaceOrientations_iPad = "UIInterfaceOrientationPortrait UIInterfaceOrientationPortraitUpsideDown UIInterfaceOrientationLandscapeLeft UIInterfaceOrientationLandscapeRight";
				INFOPLIST_KEY_UISupportedInterfaceOrientations_iPhone = "UIInterfaceOrientationPortrait UIInterfaceOrientationLandscapeLeft UIInterfaceOrientationLandscapeRight";
				IPHONEOS_DEPLOYMENT_TARGET = 15.6;
				LD_RUNPATH_SEARCH_PATHS = (
					"$(inherited)",
					"@executable_path/Frameworks",
				);
				MARKETING_VERSION = 1.0;
				PRODUCT_BUNDLE_IDENTIFIER = "com.iambobbelikebob.I-AM-BOB";
				PRODUCT_NAME = "$(TARGET_NAME)";
				SWIFT_EMIT_LOC_STRINGS = YES;
				SWIFT_VERSION = 5.0;
				TARGETED_DEVICE_FAMILY = "1,2";
			};
			name = Release;
		};
		564E8C132CBE5789002D9996 /* Debug */ = {
			isa = XCBuildConfiguration;
			buildSettings = {
				ALWAYS_SEARCH_USER_PATHS = NO;
				ASSETCATALOG_COMPILER_GENERATE_SWIFT_ASSET_SYMBOL_EXTENSIONS = YES;
				CLANG_ANALYZER_NONNULL = YES;
				CLANG_ANALYZER_NUMBER_OBJECT_CONVERSION = YES_AGGRESSIVE;
				CLANG_CXX_LANGUAGE_STANDARD = "gnu++20";
				CLANG_ENABLE_MODULES = YES;
				CLANG_ENABLE_OBJC_ARC = YES;
				CLANG_ENABLE_OBJC_WEAK = YES;
				CLANG_WARN_BLOCK_CAPTURE_AUTORELEASING = YES;
				CLANG_WARN_BOOL_CONVERSION = YES;
				CLANG_WARN_COMMA = YES;
				CLANG_WARN_CONSTANT_CONVERSION = YES;
				CLANG_WARN_DEPRECATED_OBJC_IMPLEMENTATIONS = YES;
				CLANG_WARN_DIRECT_OBJC_ISA_USAGE = YES_ERROR;
				CLANG_WARN_DOCUMENTATION_COMMENTS = YES;
				CLANG_WARN_EMPTY_BODY = YES;
				CLANG_WARN_ENUM_CONVERSION = YES;
				CLANG_WARN_INFINITE_RECURSION = YES;
				CLANG_WARN_INT_CONVERSION = YES;
				CLANG_WARN_NON_LITERAL_NULL_CONVERSION = YES;
				CLANG_WARN_OBJC_IMPLICIT_RETAIN_SELF = YES;
				CLANG_WARN_OBJC_LITERAL_CONVERSION = YES;
				CLANG_WARN_OBJC_ROOT_CLASS = YES_ERROR;
				CLANG_WARN_QUOTED_INCLUDE_IN_FRAMEWORK_HEADER = YES;
				CLANG_WARN_RANGE_LOOP_ANALYSIS = YES;
				CLANG_WARN_STRICT_PROTOTYPES = YES;
				CLANG_WARN_SUSPICIOUS_MOVE = YES;
				CLANG_WARN_UNGUARDED_AVAILABILITY = YES_AGGRESSIVE;
				CLANG_WARN_UNREACHABLE_CODE = YES;
				CLANG_WARN__DUPLICATE_METHOD_MATCH = YES;
				COPY_PHASE_STRIP = NO;
				DEBUG_INFORMATION_FORMAT = dwarf;
				ENABLE_STRICT_OBJC_MSGSEND = YES;
				ENABLE_TESTABILITY = YES;
				ENABLE_USER_SCRIPT_SANDBOXING = YES;
				GCC_C_LANGUAGE_STANDARD = gnu17;
				GCC_DYNAMIC_NO_PIC = NO;
				GCC_NO_COMMON_BLOCKS = YES;
				GCC_OPTIMIZATION_LEVEL = 0;
				GCC_PREPROCESSOR_DEFINITIONS = (
					"DEBUG=1",
					"$(inherited)",
				);
				GCC_WARN_64_TO_32_BIT_CONVERSION = YES;
				GCC_WARN_ABOUT_RETURN_TYPE = YES_ERROR;
				GCC_WARN_UNDECLARED_SELECTOR = YES;
				GCC_WARN_UNINITIALIZED_AUTOS = YES_AGGRESSIVE;
				GCC_WARN_UNUSED_FUNCTION = YES;
				GCC_WARN_UNUSED_VARIABLE = YES;
				IPHONEOS_DEPLOYMENT_TARGET = 18.0;
				LOCALIZATION_PREFERS_STRING_CATALOGS = YES;
				MTL_ENABLE_DEBUG_INFO = INCLUDE_SOURCE;
				MTL_FAST_MATH = YES;
				ONLY_ACTIVE_ARCH = YES;
				SDKROOT = iphoneos;
				SWIFT_ACTIVE_COMPILATION_CONDITIONS = "DEBUG $(inherited)";
				SWIFT_OPTIMIZATION_LEVEL = "-Onone";
			};
			name = Debug;
		};
		564E8C142CBE5789002D9996 /* Release */ = {
			isa = XCBuildConfiguration;
			buildSettings = {
				ALWAYS_SEARCH_USER_PATHS = NO;
				ASSETCATALOG_COMPILER_GENERATE_SWIFT_ASSET_SYMBOL_EXTENSIONS = YES;
				CLANG_ANALYZER_NONNULL = YES;
				CLANG_ANALYZER_NUMBER_OBJECT_CONVERSION = YES_AGGRESSIVE;
				CLANG_CXX_LANGUAGE_STANDARD = "gnu++20";
				CLANG_ENABLE_MODULES = YES;
				CLANG_ENABLE_OBJC_ARC = YES;
				CLANG_ENABLE_OBJC_WEAK = YES;
				CLANG_WARN_BLOCK_CAPTURE_AUTORELEASING = YES;
				CLANG_WARN_BOOL_CONVERSION = YES;
				CLANG_WARN_COMMA = YES;
				CLANG_WARN_CONSTANT_CONVERSION = YES;
				CLANG_WARN_DEPRECATED_OBJC_IMPLEMENTATIONS = YES;
				CLANG_WARN_DIRECT_OBJC_ISA_USAGE = YES_ERROR;
				CLANG_WARN_DOCUMENTATION_COMMENTS = YES;
				CLANG_WARN_EMPTY_BODY = YES;
				CLANG_WARN_ENUM_CONVERSION = YES;
				CLANG_WARN_INFINITE_RECURSION = YES;
				CLANG_WARN_INT_CONVERSION = YES;
				CLANG_WARN_NON_LITERAL_NULL_CONVERSION = YES;
				CLANG_WARN_OBJC_IMPLICIT_RETAIN_SELF = YES;
				CLANG_WARN_OBJC_LITERAL_CONVERSION = YES;
				CLANG_WARN_OBJC_ROOT_CLASS = YES_ERROR;
				CLANG_WARN_QUOTED_INCLUDE_IN_FRAMEWORK_HEADER = YES;
				CLANG_WARN_RANGE_LOOP_ANALYSIS = YES;
				CLANG_WARN_STRICT_PROTOTYPES = YES;
				CLANG_WARN_SUSPICIOUS_MOVE = YES;
				CLANG_WARN_UNGUARDED_AVAILABILITY = YES_AGGRESSIVE;
				CLANG_WARN_UNREACHABLE_CODE = YES;
				CLANG_WARN__DUPLICATE_METHOD_MATCH = YES;
				COPY_PHASE_STRIP = NO;
				DEBUG_INFORMATION_FORMAT = "dwarf-with-dsym";
				ENABLE_NS_ASSERTIONS = NO;
				ENABLE_STRICT_OBJC_MSGSEND = YES;
				ENABLE_USER_SCRIPT_SANDBOXING = YES;
				GCC_C_LANGUAGE_STANDARD = gnu17;
				GCC_NO_COMMON_BLOCKS = YES;
				GCC_WARN_64_TO_32_BIT_CONVERSION = YES;
				GCC_WARN_ABOUT_RETURN_TYPE = YES_ERROR;
				GCC_WARN_UNDECLARED_SELECTOR = YES;
				GCC_WARN_UNINITIALIZED_AUTOS = YES_AGGRESSIVE;
				GCC_WARN_UNUSED_FUNCTION = YES;
				GCC_WARN_UNUSED_VARIABLE = YES;
				IPHONEOS_DEPLOYMENT_TARGET = 18.0;
				LOCALIZATION_PREFERS_STRING_CATALOGS = YES;
				MTL_ENABLE_DEBUG_INFO = NO;
				MTL_FAST_MATH = YES;
				SDKROOT = iphoneos;
				SWIFT_COMPILATION_MODE = wholemodule;
				VALIDATE_PRODUCT = YES;
			};
			name = Release;
		};
		564E8C162CBE5789002D9996 /* Debug */ = {
			isa = XCBuildConfiguration;
			buildSettings = {
				BUNDLE_LOADER = "$(TEST_HOST)";
				CODE_SIGN_STYLE = Automatic;
				CURRENT_PROJECT_VERSION = 1;
				GENERATE_INFOPLIST_FILE = YES;
				IPHONEOS_DEPLOYMENT_TARGET = 18.0;
				MARKETING_VERSION = 1.0;
				PRODUCT_BUNDLE_IDENTIFIER = "com.iambobbelikebob.I-AM-BOBTests";
				PRODUCT_NAME = "$(TARGET_NAME)";
				SWIFT_EMIT_LOC_STRINGS = NO;
				SWIFT_VERSION = 5.0;
				TARGETED_DEVICE_FAMILY = "1,2";
				TEST_HOST = "$(BUILT_PRODUCTS_DIR)/I AM BOB.app/$(BUNDLE_EXECUTABLE_FOLDER_PATH)/I AM BOB";
			};
			name = Debug;
		};
		564E8C172CBE5789002D9996 /* Release */ = {
			isa = XCBuildConfiguration;
			buildSettings = {
				BUNDLE_LOADER = "$(TEST_HOST)";
				CODE_SIGN_STYLE = Automatic;
				CURRENT_PROJECT_VERSION = 1;
				GENERATE_INFOPLIST_FILE = YES;
				IPHONEOS_DEPLOYMENT_TARGET = 18.0;
				MARKETING_VERSION = 1.0;
				PRODUCT_BUNDLE_IDENTIFIER = "com.iambobbelikebob.I-AM-BOBTests";
				PRODUCT_NAME = "$(TARGET_NAME)";
				SWIFT_EMIT_LOC_STRINGS = NO;
				SWIFT_VERSION = 5.0;
				TARGETED_DEVICE_FAMILY = "1,2";
				TEST_HOST = "$(BUILT_PRODUCTS_DIR)/I AM BOB.app/$(BUNDLE_EXECUTABLE_FOLDER_PATH)/I AM BOB";
			};
			name = Release;
		};
		564E8C192CBE5789002D9996 /* Debug */ = {
			isa = XCBuildConfiguration;
			buildSettings = {
				CODE_SIGN_STYLE = Automatic;
				CURRENT_PROJECT_VERSION = 1;
				GENERATE_INFOPLIST_FILE = YES;
				MARKETING_VERSION = 1.0;
				PRODUCT_BUNDLE_IDENTIFIER = "com.iambobbelikebob.I-AM-BOBUITests";
				PRODUCT_NAME = "$(TARGET_NAME)";
				SWIFT_EMIT_LOC_STRINGS = NO;
				SWIFT_VERSION = 5.0;
				TARGETED_DEVICE_FAMILY = "1,2";
				TEST_TARGET_NAME = "I AM BOB";
			};
			name = Debug;
		};
		564E8C1A2CBE5789002D9996 /* Release */ = {
			isa = XCBuildConfiguration;
			buildSettings = {
				CODE_SIGN_STYLE = Automatic;
				CURRENT_PROJECT_VERSION = 1;
				GENERATE_INFOPLIST_FILE = YES;
				MARKETING_VERSION = 1.0;
				PRODUCT_BUNDLE_IDENTIFIER = "com.iambobbelikebob.I-AM-BOBUITests";
				PRODUCT_NAME = "$(TARGET_NAME)";
				SWIFT_EMIT_LOC_STRINGS = NO;
				SWIFT_VERSION = 5.0;
				TARGETED_DEVICE_FAMILY = "1,2";
				TEST_TARGET_NAME = "I AM BOB";
			};
			name = Release;
		};
/* End XCBuildConfiguration section */

/* Begin XCConfigurationList section */
		564E8BE22CBE5787002D9996 /* Build configuration list for PBXProject "I AM BOB" */ = {
			isa = XCConfigurationList;
			buildConfigurations = (
				564E8C132CBE5789002D9996 /* Debug */,
				564E8C142CBE5789002D9996 /* Release */,
			);
			defaultConfigurationIsVisible = 0;
			defaultConfigurationName = Release;
		};
		564E8C102CBE5789002D9996 /* Build configuration list for PBXNativeTarget "I AM BOB" */ = {
			isa = XCConfigurationList;
			buildConfigurations = (
				564E8C112CBE5789002D9996 /* Debug */,
				564E8C122CBE5789002D9996 /* Release */,
			);
			defaultConfigurationIsVisible = 0;
			defaultConfigurationName = Release;
		};
		564E8C152CBE5789002D9996 /* Build configuration list for PBXNativeTarget "I AM BOBTests" */ = {
			isa = XCConfigurationList;
			buildConfigurations = (
				564E8C162CBE5789002D9996 /* Debug */,
				564E8C172CBE5789002D9996 /* Release */,
			);
			defaultConfigurationIsVisible = 0;
			defaultConfigurationName = Release;
		};
		564E8C182CBE5789002D9996 /* Build configuration list for PBXNativeTarget "I AM BOBUITests" */ = {
			isa = XCConfigurationList;
			buildConfigurations = (
				564E8C192CBE5789002D9996 /* Debug */,
				564E8C1A2CBE5789002D9996 /* Release */,
			);
			defaultConfigurationIsVisible = 0;
			defaultConfigurationName = Release;
		};
/* End XCConfigurationList section */
	};
	rootObject = 564E8BDF2CBE5787002D9996 /* Project object */;
}
